
Microsoft Visual Studio Solution File, Format Version 12.00
# Visual Studio Version 17
VisualStudioVersion = 17.11.35222.181
MinimumVisualStudioVersion = 10.0.40219.1
Project("{FAE04EC0-301F-11D3-BF4B-00C04F79EFBC}") = "TodoAPI", "TodoAPI.csproj", "{38410D68-5DFC-4DDA-8878-6ECA54FEA0A5}"
EndProject
Global
	GlobalSection(SolutionConfigurationPlatforms) = preSolution
		Debug|Any CPU = Debug|Any CPU
		Release|Any CPU = Release|Any CPU
	EndGlobalSection
	GlobalSection(ProjectConfigurationPlatforms) = postSolution
		{38410D68-5DFC-4DDA-8878-6ECA54FEA0A5}.Debug|Any CPU.ActiveCfg = Debug|Any CPU
		{38410D68-5DFC-4DDA-8878-6ECA54FEA0A5}.Debug|Any CPU.Build.0 = Debug|Any CPU
		{38410D68-5DFC-4DDA-8878-6ECA54FEA0A5}.Release|Any CPU.ActiveCfg = Release|Any CPU
		{38410D68-5DFC-4DDA-8878-6ECA54FEA0A5}.Release|Any CPU.Build.0 = Release|Any CPU
	EndGlobalSection
	GlobalSection(SolutionProperties) = preSolution
		HideSolutionNode = FALSE
	EndGlobalSection
	GlobalSection(ExtensibilityGlobals) = postSolution
		SolutionGuid = {372C256D-5D2B-43E2-A2B8-DB8767DD9F2C}
	EndGlobalSection
EndGlobal
