
Microsoft Visual Studio Solution File, Format Version 12.00
# Visual Studio Version 17
VisualStudioVersion = 17.14.36414.22 d17.14
MinimumVisualStudioVersion = 10.0.40219.1
Project("{FAE04EC0-301F-11D3-BF4B-00C04F79EFBC}") = "Controllers", "Controllers.csproj", "{1BAEACDA-0752-48E5-B83F-297B5DC17250}"
EndProject
Global
	GlobalSection(SolutionConfigurationPlatforms) = preSolution
		Debug|Any CPU = Debug|Any CPU
		Release|Any CPU = Release|Any CPU
	EndGlobalSection
	GlobalSection(ProjectConfigurationPlatforms) = postSolution
		{1BAEACDA-0752-48E5-B83F-297B5DC17250}.Debug|Any CPU.ActiveCfg = Debug|Any CPU
		{1BAEACDA-0752-48E5-B83F-297B5DC17250}.Debug|Any CPU.Build.0 = Debug|Any CPU
		{1BAEACDA-0752-48E5-B83F-297B5DC17250}.Release|Any CPU.ActiveCfg = Release|Any CPU
		{1BAEACDA-0752-48E5-B83F-297B5DC17250}.Release|Any CPU.Build.0 = Release|Any CPU
	EndGlobalSection
	GlobalSection(SolutionProperties) = preSolution
		HideSolutionNode = FALSE
	EndGlobalSection
	GlobalSection(ExtensibilityGlobals) = postSolution
		SolutionGuid = {A6784985-57A1-466D-814B-C727D603CE68}
	EndGlobalSection
EndGlobal
